
Microsoft Visual Studio Solution File, Format Version 12.00
# Visual Studio 15
Project("{FAE04EC0-301F-11D3-BF4B-00C04F79EFBC}") = "FortressConflict", "Assembly-CSharp.csproj", "{80EFF9EC-EB20-5134-B043-62B50B53F264}"
EndProject
Project("{FAE04EC0-301F-11D3-BF4B-00C04F79EFBC}") = "FortressConflict", "Assembly-CSharp-Editor.csproj", "{22D5DBE3-59A3-8A8D-003D-EC5A3F5BCE3E}"
EndProject
Global
	GlobalSection(SolutionConfigurationPlatforms) = preSolution
		Debug|Any CPU = Debug|Any CPU
		Release|Any CPU = Release|Any CPU
	EndGlobalSection
	GlobalSection(ProjectConfigurationPlatforms) = postSolution
		{80EFF9EC-EB20-5134-B043-62B50B53F264}.Debug|Any CPU.ActiveCfg = Debug|Any CPU
		{80EFF9EC-EB20-5134-B043-62B50B53F264}.Debug|Any CPU.Build.0 = Debug|Any CPU
		{80EFF9EC-EB20-5134-B043-62B50B53F264}.Release|Any CPU.ActiveCfg = Release|Any CPU
		{80EFF9EC-EB20-5134-B043-62B50B53F264}.Release|Any CPU.Build.0 = Release|Any CPU
		{22D5DBE3-59A3-8A8D-003D-EC5A3F5BCE3E}.Debug|Any CPU.ActiveCfg = Debug|Any CPU
		{22D5DBE3-59A3-8A8D-003D-EC5A3F5BCE3E}.Debug|Any CPU.Build.0 = Debug|Any CPU
		{22D5DBE3-59A3-8A8D-003D-EC5A3F5BCE3E}.Release|Any CPU.ActiveCfg = Release|Any CPU
		{22D5DBE3-59A3-8A8D-003D-EC5A3F5BCE3E}.Release|Any CPU.Build.0 = Release|Any CPU
	EndGlobalSection
	GlobalSection(SolutionProperties) = preSolution
		HideSolutionNode = FALSE
	EndGlobalSection
EndGlobal
